
Microsoft Visual Studio Solution File, Format Version 12.00
# Visual Studio Version 16
VisualStudioVersion = 16.0.30204.135
MinimumVisualStudioVersion = 15.0.26124.0
Project("{2150E333-8FDC-42A3-9474-1A3956D46DE8}") = "Tests", "Tests", "{C13D90C7-4F64-4960-9A4A-19913CC7B3CA}"
EndProject
Project("{9A19103F-16F7-4668-BE54-9A1E7A4F7556}") = "UI.Tests", "Tests\UI.Tests\UI.Tests.csproj", "{5C4EDB0B-FDE8-4E4A-8E7B-DF3D21B2708A}"
	ProjectSection(ProjectDependencies) = postProject
		{54F31566-8081-46AD-9251-A3D0B654990B} = {54F31566-8081-46AD-9251-A3D0B654990B}
		{1B8FD495-C5C6-408D-9C30-E181D1773CD9} = {1B8FD495-C5C6-408D-9C30-E181D1773CD9}
	EndProjectSection
EndProject
Project("{2150E333-8FDC-42A3-9474-1A3956D46DE8}") = "external", "external", "{182A46DC-0565-45ED-90CC-DD808708D9DF}"
EndProject
Project("{9A19103F-16F7-4668-BE54-9A1E7A4F7556}") = "Jaya.Shared", "external\Jaya.Shared\Jaya.Shared.csproj", "{FF0989F0-0D07-4BE0-B476-01D06C795AF1}"
EndProject
Project("{9A19103F-16F7-4668-BE54-9A1E7A4F7556}") = "AvaloniaRipple", "external\AvaloniaRipple\AvaloniaRipple.csproj", "{1CA688E2-925D-40E1-B837-B2012A870530}"
EndProject
Project("{9A19103F-16F7-4668-BE54-9A1E7A4F7556}") = "Ripple", "external\Ripple\Ripple.csproj", "{5D8B1F08-0FDA-4237-AF6A-14F6D2B72C12}"
EndProject
Project("{2150E333-8FDC-42A3-9474-1A3956D46DE8}") = "src", "src", "{B38DFFCA-7CAA-4966-97DF-73BF358F0103}"
EndProject
Project("{9A19103F-16F7-4668-BE54-9A1E7A4F7556}") = "Aura.UI", "src\Aura.UI\Aura.UI.csproj", "{54F31566-8081-46AD-9251-A3D0B654990B}"
	ProjectSection(ProjectDependencies) = postProject
		{0EDBD2D1-AA7A-4709-8115-37B77D26FE70} = {0EDBD2D1-AA7A-4709-8115-37B77D26FE70}
	EndProjectSection
EndProject
Project("{9A19103F-16F7-4668-BE54-9A1E7A4F7556}") = "AuraDraw.App", "src\AuraDraw.App\AuraDraw.App.csproj", "{4FCAA338-9187-40D3-80C2-6762EE6E57CA}"
	ProjectSection(ProjectDependencies) = postProject
		{0EDBD2D1-AA7A-4709-8115-37B77D26FE70} = {0EDBD2D1-AA7A-4709-8115-37B77D26FE70}
	EndProjectSection
EndProject
Project("{9A19103F-16F7-4668-BE54-9A1E7A4F7556}") = "Aura.Maths", "src\Aura.Maths\Aura.Maths.csproj", "{0EDBD2D1-AA7A-4709-8115-37B77D26FE70}"
EndProject
Project("{9A19103F-16F7-4668-BE54-9A1E7A4F7556}") = "Aura.CommonCore", "src\Aura.CommonCore\Aura.CommonCore.csproj", "{1B8FD495-C5C6-408D-9C30-E181D1773CD9}"
EndProject
Global
	GlobalSection(SolutionConfigurationPlatforms) = preSolution
		Debug|Any CPU = Debug|Any CPU
		Debug|x64 = Debug|x64
		Debug|x86 = Debug|x86
		Release|Any CPU = Release|Any CPU
		Release|x64 = Release|x64
		Release|x86 = Release|x86
	EndGlobalSection
	GlobalSection(ProjectConfigurationPlatforms) = postSolution
		{5C4EDB0B-FDE8-4E4A-8E7B-DF3D21B2708A}.Debug|Any CPU.ActiveCfg = Debug|Any CPU
		{5C4EDB0B-FDE8-4E4A-8E7B-DF3D21B2708A}.Debug|Any CPU.Build.0 = Debug|Any CPU
		{5C4EDB0B-FDE8-4E4A-8E7B-DF3D21B2708A}.Debug|x64.ActiveCfg = Debug|Any CPU
		{5C4EDB0B-FDE8-4E4A-8E7B-DF3D21B2708A}.Debug|x64.Build.0 = Debug|Any CPU
		{5C4EDB0B-FDE8-4E4A-8E7B-DF3D21B2708A}.Debug|x86.ActiveCfg = Debug|Any CPU
		{5C4EDB0B-FDE8-4E4A-8E7B-DF3D21B2708A}.Debug|x86.Build.0 = Debug|Any CPU
		{5C4EDB0B-FDE8-4E4A-8E7B-DF3D21B2708A}.Release|Any CPU.ActiveCfg = Release|Any CPU
		{5C4EDB0B-FDE8-4E4A-8E7B-DF3D21B2708A}.Release|Any CPU.Build.0 = Release|Any CPU
		{5C4EDB0B-FDE8-4E4A-8E7B-DF3D21B2708A}.Release|x64.ActiveCfg = Release|Any CPU
		{5C4EDB0B-FDE8-4E4A-8E7B-DF3D21B2708A}.Release|x64.Build.0 = Release|Any CPU
		{5C4EDB0B-FDE8-4E4A-8E7B-DF3D21B2708A}.Release|x86.ActiveCfg = Release|Any CPU
		{5C4EDB0B-FDE8-4E4A-8E7B-DF3D21B2708A}.Release|x86.Build.0 = Release|Any CPU
		{FF0989F0-0D07-4BE0-B476-01D06C795AF1}.Debug|Any CPU.ActiveCfg = Debug|Any CPU
		{FF0989F0-0D07-4BE0-B476-01D06C795AF1}.Debug|Any CPU.Build.0 = Debug|Any CPU
		{FF0989F0-0D07-4BE0-B476-01D06C795AF1}.Debug|x64.ActiveCfg = Debug|Any CPU
		{FF0989F0-0D07-4BE0-B476-01D06C795AF1}.Debug|x64.Build.0 = Debug|Any CPU
		{FF0989F0-0D07-4BE0-B476-01D06C795AF1}.Debug|x86.ActiveCfg = Debug|Any CPU
		{FF0989F0-0D07-4BE0-B476-01D06C795AF1}.Debug|x86.Build.0 = Debug|Any CPU
		{FF0989F0-0D07-4BE0-B476-01D06C795AF1}.Release|Any CPU.ActiveCfg = Release|Any CPU
		{FF0989F0-0D07-4BE0-B476-01D06C795AF1}.Release|Any CPU.Build.0 = Release|Any CPU
		{FF0989F0-0D07-4BE0-B476-01D06C795AF1}.Release|x64.ActiveCfg = Release|Any CPU
		{FF0989F0-0D07-4BE0-B476-01D06C795AF1}.Release|x64.Build.0 = Release|Any CPU
		{FF0989F0-0D07-4BE0-B476-01D06C795AF1}.Release|x86.ActiveCfg = Release|Any CPU
		{FF0989F0-0D07-4BE0-B476-01D06C795AF1}.Release|x86.Build.0 = Release|Any CPU
		{1CA688E2-925D-40E1-B837-B2012A870530}.Debug|Any CPU.ActiveCfg = Debug|Any CPU
		{1CA688E2-925D-40E1-B837-B2012A870530}.Debug|Any CPU.Build.0 = Debug|Any CPU
		{1CA688E2-925D-40E1-B837-B2012A870530}.Debug|x64.ActiveCfg = Debug|Any CPU
		{1CA688E2-925D-40E1-B837-B2012A870530}.Debug|x64.Build.0 = Debug|Any CPU
		{1CA688E2-925D-40E1-B837-B2012A870530}.Debug|x86.ActiveCfg = Debug|Any CPU
		{1CA688E2-925D-40E1-B837-B2012A870530}.Debug|x86.Build.0 = Debug|Any CPU
		{1CA688E2-925D-40E1-B837-B2012A870530}.Release|Any CPU.ActiveCfg = Release|Any CPU
		{1CA688E2-925D-40E1-B837-B2012A870530}.Release|Any CPU.Build.0 = Release|Any CPU
		{1CA688E2-925D-40E1-B837-B2012A870530}.Release|x64.ActiveCfg = Release|Any CPU
		{1CA688E2-925D-40E1-B837-B2012A870530}.Release|x64.Build.0 = Release|Any CPU
		{1CA688E2-925D-40E1-B837-B2012A870530}.Release|x86.ActiveCfg = Release|Any CPU
		{1CA688E2-925D-40E1-B837-B2012A870530}.Release|x86.Build.0 = Release|Any CPU
		{5D8B1F08-0FDA-4237-AF6A-14F6D2B72C12}.Debug|Any CPU.ActiveCfg = Debug|Any CPU
		{5D8B1F08-0FDA-4237-AF6A-14F6D2B72C12}.Debug|Any CPU.Build.0 = Debug|Any CPU
		{5D8B1F08-0FDA-4237-AF6A-14F6D2B72C12}.Debug|x64.ActiveCfg = Debug|Any CPU
		{5D8B1F08-0FDA-4237-AF6A-14F6D2B72C12}.Debug|x64.Build.0 = Debug|Any CPU
		{5D8B1F08-0FDA-4237-AF6A-14F6D2B72C12}.Debug|x86.ActiveCfg = Debug|Any CPU
		{5D8B1F08-0FDA-4237-AF6A-14F6D2B72C12}.Debug|x86.Build.0 = Debug|Any CPU
		{5D8B1F08-0FDA-4237-AF6A-14F6D2B72C12}.Release|Any CPU.ActiveCfg = Release|Any CPU
		{5D8B1F08-0FDA-4237-AF6A-14F6D2B72C12}.Release|Any CPU.Build.0 = Release|Any CPU
		{5D8B1F08-0FDA-4237-AF6A-14F6D2B72C12}.Release|x64.ActiveCfg = Release|Any CPU
		{5D8B1F08-0FDA-4237-AF6A-14F6D2B72C12}.Release|x64.Build.0 = Release|Any CPU
		{5D8B1F08-0FDA-4237-AF6A-14F6D2B72C12}.Release|x86.ActiveCfg = Release|Any CPU
		{5D8B1F08-0FDA-4237-AF6A-14F6D2B72C12}.Release|x86.Build.0 = Release|Any CPU
		{54F31566-8081-46AD-9251-A3D0B654990B}.Debug|Any CPU.ActiveCfg = Debug|Any CPU
		{54F31566-8081-46AD-9251-A3D0B654990B}.Debug|Any CPU.Build.0 = Debug|Any CPU
		{54F31566-8081-46AD-9251-A3D0B654990B}.Debug|x64.ActiveCfg = Debug|Any CPU
		{54F31566-8081-46AD-9251-A3D0B654990B}.Debug|x64.Build.0 = Debug|Any CPU
		{54F31566-8081-46AD-9251-A3D0B654990B}.Debug|x86.ActiveCfg = Debug|Any CPU
		{54F31566-8081-46AD-9251-A3D0B654990B}.Debug|x86.Build.0 = Debug|Any CPU
		{54F31566-8081-46AD-9251-A3D0B654990B}.Release|Any CPU.ActiveCfg = Release|Any CPU
		{54F31566-8081-46AD-9251-A3D0B654990B}.Release|Any CPU.Build.0 = Release|Any CPU
		{54F31566-8081-46AD-9251-A3D0B654990B}.Release|x64.ActiveCfg = Release|Any CPU
		{54F31566-8081-46AD-9251-A3D0B654990B}.Release|x64.Build.0 = Release|Any CPU
		{54F31566-8081-46AD-9251-A3D0B654990B}.Release|x86.ActiveCfg = Release|Any CPU
		{54F31566-8081-46AD-9251-A3D0B654990B}.Release|x86.Build.0 = Release|Any CPU
		{4FCAA338-9187-40D3-80C2-6762EE6E57CA}.Debug|Any CPU.ActiveCfg = Debug|Any CPU
		{4FCAA338-9187-40D3-80C2-6762EE6E57CA}.Debug|Any CPU.Build.0 = Debug|Any CPU
		{4FCAA338-9187-40D3-80C2-6762EE6E57CA}.Debug|x64.ActiveCfg = Debug|Any CPU
		{4FCAA338-9187-40D3-80C2-6762EE6E57CA}.Debug|x64.Build.0 = Debug|Any CPU
		{4FCAA338-9187-40D3-80C2-6762EE6E57CA}.Debug|x86.ActiveCfg = Debug|Any CPU
		{4FCAA338-9187-40D3-80C2-6762EE6E57CA}.Debug|x86.Build.0 = Debug|Any CPU
		{4FCAA338-9187-40D3-80C2-6762EE6E57CA}.Release|Any CPU.ActiveCfg = Release|Any CPU
		{4FCAA338-9187-40D3-80C2-6762EE6E57CA}.Release|Any CPU.Build.0 = Release|Any CPU
		{4FCAA338-9187-40D3-80C2-6762EE6E57CA}.Release|x64.ActiveCfg = Release|Any CPU
		{4FCAA338-9187-40D3-80C2-6762EE6E57CA}.Release|x64.Build.0 = Release|Any CPU
		{4FCAA338-9187-40D3-80C2-6762EE6E57CA}.Release|x86.ActiveCfg = Release|Any CPU
		{4FCAA338-9187-40D3-80C2-6762EE6E57CA}.Release|x86.Build.0 = Release|Any CPU
		{0EDBD2D1-AA7A-4709-8115-37B77D26FE70}.Debug|Any CPU.ActiveCfg = Debug|Any CPU
		{0EDBD2D1-AA7A-4709-8115-37B77D26FE70}.Debug|Any CPU.Build.0 = Debug|Any CPU
		{0EDBD2D1-AA7A-4709-8115-37B77D26FE70}.Debug|x64.ActiveCfg = Debug|Any CPU
		{0EDBD2D1-AA7A-4709-8115-37B77D26FE70}.Debug|x64.Build.0 = Debug|Any CPU
		{0EDBD2D1-AA7A-4709-8115-37B77D26FE70}.Debug|x86.ActiveCfg = Debug|Any CPU
		{0EDBD2D1-AA7A-4709-8115-37B77D26FE70}.Debug|x86.Build.0 = Debug|Any CPU
		{0EDBD2D1-AA7A-4709-8115-37B77D26FE70}.Release|Any CPU.ActiveCfg = Release|Any CPU
		{0EDBD2D1-AA7A-4709-8115-37B77D26FE70}.Release|Any CPU.Build.0 = Release|Any CPU
		{0EDBD2D1-AA7A-4709-8115-37B77D26FE70}.Release|x64.ActiveCfg = Release|Any CPU
		{0EDBD2D1-AA7A-4709-8115-37B77D26FE70}.Release|x64.Build.0 = Release|Any CPU
		{0EDBD2D1-AA7A-4709-8115-37B77D26FE70}.Release|x86.ActiveCfg = Release|Any CPU
		{0EDBD2D1-AA7A-4709-8115-37B77D26FE70}.Release|x86.Build.0 = Release|Any CPU
		{1B8FD495-C5C6-408D-9C30-E181D1773CD9}.Debug|Any CPU.ActiveCfg = Debug|Any CPU
		{1B8FD495-C5C6-408D-9C30-E181D1773CD9}.Debug|Any CPU.Build.0 = Debug|Any CPU
		{1B8FD495-C5C6-408D-9C30-E181D1773CD9}.Debug|x64.ActiveCfg = Debug|Any CPU
		{1B8FD495-C5C6-408D-9C30-E181D1773CD9}.Debug|x64.Build.0 = Debug|Any CPU
		{1B8FD495-C5C6-408D-9C30-E181D1773CD9}.Debug|x86.ActiveCfg = Debug|Any CPU
		{1B8FD495-C5C6-408D-9C30-E181D1773CD9}.Debug|x86.Build.0 = Debug|Any CPU
		{1B8FD495-C5C6-408D-9C30-E181D1773CD9}.Release|Any CPU.ActiveCfg = Release|Any CPU
		{1B8FD495-C5C6-408D-9C30-E181D1773CD9}.Release|Any CPU.Build.0 = Release|Any CPU
		{1B8FD495-C5C6-408D-9C30-E181D1773CD9}.Release|x64.ActiveCfg = Release|Any CPU
		{1B8FD495-C5C6-408D-9C30-E181D1773CD9}.Release|x64.Build.0 = Release|Any CPU
		{1B8FD495-C5C6-408D-9C30-E181D1773CD9}.Release|x86.ActiveCfg = Release|Any CPU
		{1B8FD495-C5C6-408D-9C30-E181D1773CD9}.Release|x86.Build.0 = Release|Any CPU
	EndGlobalSection
	GlobalSection(SolutionProperties) = preSolution
		HideSolutionNode = FALSE
	EndGlobalSection
	GlobalSection(NestedProjects) = preSolution
		{5C4EDB0B-FDE8-4E4A-8E7B-DF3D21B2708A} = {C13D90C7-4F64-4960-9A4A-19913CC7B3CA}
		{FF0989F0-0D07-4BE0-B476-01D06C795AF1} = {182A46DC-0565-45ED-90CC-DD808708D9DF}
		{1CA688E2-925D-40E1-B837-B2012A870530} = {182A46DC-0565-45ED-90CC-DD808708D9DF}
		{5D8B1F08-0FDA-4237-AF6A-14F6D2B72C12} = {182A46DC-0565-45ED-90CC-DD808708D9DF}
		{54F31566-8081-46AD-9251-A3D0B654990B} = {B38DFFCA-7CAA-4966-97DF-73BF358F0103}
		{4FCAA338-9187-40D3-80C2-6762EE6E57CA} = {B38DFFCA-7CAA-4966-97DF-73BF358F0103}
		{0EDBD2D1-AA7A-4709-8115-37B77D26FE70} = {B38DFFCA-7CAA-4966-97DF-73BF358F0103}
		{1B8FD495-C5C6-408D-9C30-E181D1773CD9} = {B38DFFCA-7CAA-4966-97DF-73BF358F0103}
	EndGlobalSection
	GlobalSection(ExtensibilityGlobals) = postSolution
		SolutionGuid = {A425DF47-C925-4B19-BB65-A1723D8FC96F}
	EndGlobalSection
EndGlobal
