
Microsoft Visual Studio Solution File, Format Version 12.00
# Visual Studio Version 16
VisualStudioVersion = 16.0.29509.3
MinimumVisualStudioVersion = 10.0.40219.1
Project("{9A19103F-16F7-4668-BE54-9A1E7A4F7556}") = "AuraDraw.App", "AuraDraw.App\AuraDraw.App.csproj", "{92A3B926-B36A-4B7E-865D-279009E6ED79}"
EndProject
Project("{9A19103F-16F7-4668-BE54-9A1E7A4F7556}") = "AuraDraw.Core", "AuraDraw.Core\AuraDraw.Core.csproj", "{83DFEFC2-AB29-4E63-8CF4-ED854D563369}"
EndProject
Project("{9A19103F-16F7-4668-BE54-9A1E7A4F7556}") = "Aura.UI", "Aura.UI\Aura.UI.csproj", "{78A7F9F8-414D-4625-92F1-C1934AC6ED67}"
EndProject
Global
	GlobalSection(SolutionConfigurationPlatforms) = preSolution
		Debug|Any CPU = Debug|Any CPU
		Release|Any CPU = Release|Any CPU
	EndGlobalSection
	GlobalSection(ProjectConfigurationPlatforms) = postSolution
		{92A3B926-B36A-4B7E-865D-279009E6ED79}.Debug|Any CPU.ActiveCfg = Debug|Any CPU
		{92A3B926-B36A-4B7E-865D-279009E6ED79}.Debug|Any CPU.Build.0 = Debug|Any CPU
		{92A3B926-B36A-4B7E-865D-279009E6ED79}.Release|Any CPU.ActiveCfg = Release|Any CPU
		{92A3B926-B36A-4B7E-865D-279009E6ED79}.Release|Any CPU.Build.0 = Release|Any CPU
		{83DFEFC2-AB29-4E63-8CF4-ED854D563369}.Debug|Any CPU.ActiveCfg = Debug|Any CPU
		{83DFEFC2-AB29-4E63-8CF4-ED854D563369}.Debug|Any CPU.Build.0 = Debug|Any CPU
		{83DFEFC2-AB29-4E63-8CF4-ED854D563369}.Release|Any CPU.ActiveCfg = Release|Any CPU
		{83DFEFC2-AB29-4E63-8CF4-ED854D563369}.Release|Any CPU.Build.0 = Release|Any CPU
		{78A7F9F8-414D-4625-92F1-C1934AC6ED67}.Debug|Any CPU.ActiveCfg = Debug|Any CPU
		{78A7F9F8-414D-4625-92F1-C1934AC6ED67}.Debug|Any CPU.Build.0 = Debug|Any CPU
		{78A7F9F8-414D-4625-92F1-C1934AC6ED67}.Release|Any CPU.ActiveCfg = Release|Any CPU
		{78A7F9F8-414D-4625-92F1-C1934AC6ED67}.Release|Any CPU.Build.0 = Release|Any CPU
	EndGlobalSection
	GlobalSection(SolutionProperties) = preSolution
		HideSolutionNode = FALSE
	EndGlobalSection
	GlobalSection(ExtensibilityGlobals) = postSolution
		SolutionGuid = {7D93433B-FFA6-405C-A983-1571E1532E77}
	EndGlobalSection
EndGlobal
